
Microsoft Visual Studio Solution File, Format Version 12.00
# Visual Studio Version 16
VisualStudioVersion = 16.0.30804.86
MinimumVisualStudioVersion = 10.0.40219.1
Project("{FAE04EC0-301F-11D3-BF4B-00C04F79EFBC}") = "WindowsService.SignalR.Server", "WindowsService.SignalR.Server\WindowsService.SignalR.Server\WindowsService.SignalR.Server.csproj", "{CF36BF58-D08F-425A-9A6A-D0A86C506110}"
EndProject
Project("{FAE04EC0-301F-11D3-BF4B-00C04F79EFBC}") = "WindowsService.SignalR.Server.ServiceInterface", "WindowsService.SignalR.Server\WindowsService.SignalR.Server.ServiceInterface\WindowsService.SignalR.Server.ServiceInterface.csproj", "{130DED02-5984-487C-93DD-0D264EED140E}"
EndProject
Project("{FAE04EC0-301F-11D3-BF4B-00C04F79EFBC}") = "WindowsService.SignalR.Server.ServiceModel", "WindowsService.SignalR.Server\WindowsService.SignalR.Server.ServiceModel\WindowsService.SignalR.Server.ServiceModel.csproj", "{8D6DE92C-637E-4433-9810-98D7FBCEA6BA}"
EndProject
Project("{FAE04EC0-301F-11D3-BF4B-00C04F79EFBC}") = "WindowsService.SignalR.Server.Tests", "WindowsService.SignalR.Server\WindowsService.SignalR.Server.Tests\WindowsService.SignalR.Server.Tests.csproj", "{12B06E45-12F5-4E56-ADB4-5879D98D3105}"
EndProject
Project("{FAE04EC0-301F-11D3-BF4B-00C04F79EFBC}") = "WindowsService.SignalR.Server.ServiceRepository", "WindowsService.SignalR.Server\WindowsService.SignalR.Server.ServiceRepository\WindowsService.SignalR.Server.ServiceRepository.csproj", "{6C93E2DE-01EE-481E-B5E4-EB30B31554B8}"
EndProject
Project("{2150E333-8FDC-42A3-9474-1A3956D46DE8}") = "Office", "Office", "{308D8501-370C-4702-847A-497773421D10}"
EndProject
Project("{2150E333-8FDC-42A3-9474-1A3956D46DE8}") = "WindowsService.SignalR.Server", "WindowsService.SignalR.Server", "{1D1E608E-4D6C-4937-AC52-4ED9E6AD50C0}"
EndProject
Project("{2150E333-8FDC-42A3-9474-1A3956D46DE8}") = "Common.Utility", "Common.Utility", "{036D970F-9828-4D44-B9FF-79277C02119D}"
EndProject
Project("{FAE04EC0-301F-11D3-BF4B-00C04F79EFBC}") = "Common.Utility", "Common.Utility\Common.Utility\Common.Utility.csproj", "{643D406D-38E5-4A6E-8308-E48B87A1B69B}"
EndProject
Project("{FAE04EC0-301F-11D3-BF4B-00C04F79EFBC}") = "Common.Utility.Demo", "Common.Utility\Common.Utility.Demo\Common.Utility.Demo.csproj", "{8D41636D-71C8-49DF-834D-0108806C21DD}"
EndProject
Project("{2150E333-8FDC-42A3-9474-1A3956D46DE8}") = "Microservice", "Microservice", "{1D0334EB-64D4-4DA0-9FC0-FB08F0806CE7}"
EndProject
Project("{FAE04EC0-301F-11D3-BF4B-00C04F79EFBC}") = "natsql", "Microservice\natsql\natsql.csproj", "{3C0FC8F0-E48E-4AF9-B420-F29ED1D634F6}"
EndProject
Project("{FAE04EC0-301F-11D3-BF4B-00C04F79EFBC}") = "Office.Framework", "Office\Office.Framework\Office.Framework.csproj", "{3A3912C8-6E67-4658-9038-B341F569FB7B}"
EndProject
Project("{2150E333-8FDC-42A3-9474-1A3956D46DE8}") = "Solution Items", "Solution Items", "{EF6D4F6B-2B5C-4A41-B6F7-FDBCD4081978}"
	ProjectSection(SolutionItems) = preProject
		.editorconfig = .editorconfig
		manifest.cer = manifest.cer
		manifest.pfx = manifest.pfx
		manifest.snk = manifest.snk
	EndProjectSection
EndProject
Project("{FAE04EC0-301F-11D3-BF4B-00C04F79EFBC}") = "Office.Demo", "Office\Office.Demo\Office.Demo.csproj", "{165C2F7F-9318-46B8-A10B-0085B4B5353F}"
EndProject
Project("{FAE04EC0-301F-11D3-BF4B-00C04F79EFBC}") = "Office.Conversion", "Office\Office.Conversion\Office.Conversion.csproj", "{35B2577F-510C-4BB1-89C4-0411A4479593}"
EndProject
Project("{2150E333-8FDC-42A3-9474-1A3956D46DE8}") = "Desktop", "Desktop", "{21AE0A22-05F8-420E-8C07-BCC86D994865}"
EndProject
Project("{2150E333-8FDC-42A3-9474-1A3956D46DE8}") = "DotNetBrowser", "DotNetBrowser", "{3ECE3F6D-3AF0-441E-9C2C-9E3B67CB872E}"
EndProject
Project("{FAE04EC0-301F-11D3-BF4B-00C04F79EFBC}") = "WPF.FullScreen", "Desktop\DotNetBrowser\WPF.FullScreen\WPF.FullScreen.csproj", "{45AFA345-DDE4-4DBA-951E-9509BE1264EA}"
EndProject
Project("{2150E333-8FDC-42A3-9474-1A3956D46DE8}") = "Doc", "Doc", "{EE82470D-589B-4519-A137-B766D44F8B04}"
	ProjectSection(SolutionItems) = preProject
		..\doc\publish.txt = ..\doc\publish.txt
	EndProjectSection
EndProject
Project("{2150E333-8FDC-42A3-9474-1A3956D46DE8}") = "CefBrowser", "CefBrowser", "{63104B50-E83D-47CA-9F58-1B71F55FBB71}"
EndProject
Project("{FAE04EC0-301F-11D3-BF4B-00C04F79EFBC}") = "WPF.Browser", "Desktop\CefBrowser\WPF.Browser\WPF.Browser.csproj", "{50760ACB-ED5A-4C51-8E91-E2AFDA9CE69F}"
EndProject
Project("{2150E333-8FDC-42A3-9474-1A3956D46DE8}") = "EOBrowser", "EOBrowser", "{A9F69B17-1D4E-44E9-844A-EADE1D4469BA}"
EndProject
Project("{2150E333-8FDC-42A3-9474-1A3956D46DE8}") = "Library", "Library", "{A74139EE-042F-462A-A768-A3F807C7A070}"
EndProject
Project("{FAE04EC0-301F-11D3-BF4B-00C04F79EFBC}") = "WindowsWPF", "Library\WindowsWPF\WindowsWPF.csproj", "{16C9EACA-37DD-4D68-A5F3-BA533F9F0D25}"
EndProject
Project("{9A19103F-16F7-4668-BE54-9A1E7A4F7556}") = "System.Util", "Library\System.Util\System.Util.csproj", "{E3A8EE19-9089-4CB5-85D0-49F36B5E08B8}"
EndProject
Project("{9A19103F-16F7-4668-BE54-9A1E7A4F7556}") = "System.Util.APIs.Alipay", "Library\System.Util.APIs.Alipay\System.Util.APIs.Alipay.csproj", "{03375FD8-90B4-4908-9AED-8064AB71EB79}"
EndProject
Project("{9A19103F-16F7-4668-BE54-9A1E7A4F7556}") = "System.Util.APIs.UmeTrip", "Library\System.Util.APIs.UmeTrip\System.Util.APIs.UmeTrip.csproj", "{45A811CF-5A6F-4831-A43D-218D4F7AF674}"
EndProject
Project("{9A19103F-16F7-4668-BE54-9A1E7A4F7556}") = "System.Util.APIs.WeChat", "Library\System.Util.APIs.WeChat\System.Util.APIs.WeChat.csproj", "{AD64E78D-81D4-41CC-ACBF-BA65C974092A}"
EndProject
Project("{9A19103F-16F7-4668-BE54-9A1E7A4F7556}") = "System.Util.AspNetCore", "Library\System.Util.AspNetCore\System.Util.AspNetCore.csproj", "{DB8C7D59-3321-4157-B962-F3A0F896587E}"
EndProject
Project("{9A19103F-16F7-4668-BE54-9A1E7A4F7556}") = "System.Util.CsBuilder", "Library\System.Util.CsBuilder\System.Util.CsBuilder.csproj", "{0D628C7A-E3FE-4FB7-9A59-5030AA8452B9}"
EndProject
Project("{9A19103F-16F7-4668-BE54-9A1E7A4F7556}") = "System.Util.Data", "Library\System.Util.Data\System.Util.Data.csproj", "{766EA230-CC92-4123-B048-6C2D7D8A9382}"
EndProject
Project("{9A19103F-16F7-4668-BE54-9A1E7A4F7556}") = "System.Util.Dynamic", "Library\System.Util.Dynamic\System.Util.Dynamic.csproj", "{65D69F7D-910D-43C9-9FD6-E8FD52077C89}"
EndProject
Project("{9A19103F-16F7-4668-BE54-9A1E7A4F7556}") = "System.Util.HtmlBuilder", "Library\System.Util.HtmlBuilder\System.Util.HtmlBuilder.csproj", "{FE4207F7-08FC-4173-995A-6A63A0A369D5}"
EndProject
Project("{9A19103F-16F7-4668-BE54-9A1E7A4F7556}") = "System.Util.JSON", "Library\System.Util.JSON\System.Util.JSON.csproj", "{2CF9A9BC-4FE2-4D8A-AEE9-F906C010F471}"
EndProject
Project("{9A19103F-16F7-4668-BE54-9A1E7A4F7556}") = "System.Util.Net", "Library\System.Util.Net\System.Util.Net.csproj", "{FF871CAA-EBF4-4753-A601-E135D2573568}"
EndProject
Project("{9A19103F-16F7-4668-BE54-9A1E7A4F7556}") = "System.Util.Net.Web", "Library\System.Util.Net.Web\System.Util.Net.Web.csproj", "{357AD903-B17C-4D9E-91AC-D89B420CF1BD}"
EndProject
Project("{9A19103F-16F7-4668-BE54-9A1E7A4F7556}") = "System.Util.Protobuf", "Library\System.Util.Protobuf\System.Util.Protobuf.csproj", "{1CCA9DB1-9A7F-4E73-9F57-8F2AF9880052}"
EndProject
Project("{9A19103F-16F7-4668-BE54-9A1E7A4F7556}") = "System.Util.SQLBuilder", "Library\System.Util.SQLBuilder\System.Util.SQLBuilder.csproj", "{C2A7F2B5-1A23-4766-8510-72A83F5D739C}"
EndProject
Project("{9A19103F-16F7-4668-BE54-9A1E7A4F7556}") = "System.Util.Win32", "Library\System.Util.Win32\System.Util.Win32.csproj", "{301808C9-AA0F-417A-9650-B0028216E9D2}"
EndProject
Project("{9A19103F-16F7-4668-BE54-9A1E7A4F7556}") = "System.Util.Win32.NativeUI", "Library\System.Util.Win32.NativeUI\System.Util.Win32.NativeUI.csproj", "{ABDDBFA8-AAFE-424C-BA38-F385CC9DE10F}"
EndProject
Project("{9A19103F-16F7-4668-BE54-9A1E7A4F7556}") = "System.Util.WinForm", "Library\System.Util.WinForm\System.Util.WinForm.csproj", "{3D06BE4A-233C-4616-8379-E4EFDC2EB296}"
EndProject
Project("{9A19103F-16F7-4668-BE54-9A1E7A4F7556}") = "System.Util.WPF", "Library\System.Util.WPF\System.Util.WPF.csproj", "{FBD0E633-2E78-4843-9373-D1E8505EF678}"
EndProject
Project("{9A19103F-16F7-4668-BE54-9A1E7A4F7556}") = "System.Util.XML", "Library\System.Util.XML\System.Util.XML.csproj", "{BFB948E7-FB37-4A6C-BC44-9FC2A6417A64}"
EndProject
Project("{2150E333-8FDC-42A3-9474-1A3956D46DE8}") = "WebBrowser", "WebBrowser", "{E9DBCA57-F19E-4F15-A613-C99294F26340}"
EndProject
Project("{FAE04EC0-301F-11D3-BF4B-00C04F79EFBC}") = "TabbedBrowser", "Desktop\EOBrowser\21.2.70\Samples\WebBrowser\TabbedBrowser\TabbedBrowser.csproj", "{CEE86379-7D05-4B59-B6DA-FC7A0365A7F0}"
EndProject
Project("{2150E333-8FDC-42A3-9474-1A3956D46DE8}") = "Wpf", "Wpf", "{24B9FAD8-06E7-4429-9C61-236590ACEE2E}"
EndProject
Project("{FAE04EC0-301F-11D3-BF4B-00C04F79EFBC}") = "EOWPFDemo", "Desktop\EOBrowser\21.2.70\Samples\Wpf\EOWPFDemo\EOWPFDemo.csproj", "{8708CDA9-F129-4605-B65E-DDFEFF38DB4A}"
EndProject
Project("{FAE04EC0-301F-11D3-BF4B-00C04F79EFBC}") = "FullScreenBrowser", "Desktop\EOBrowser\21.2.70\Samples\WebBrowser\FullScreenBrowser\FullScreenBrowser.csproj", "{0FE270D6-CBA3-44EC-AA27-F056074150B5}"
EndProject
Project("{2150E333-8FDC-42A3-9474-1A3956D46DE8}") = "Pdf", "Pdf", "{F493109A-6C28-45BD-9D75-4B7C75220119}"
EndProject
Project("{FAE04EC0-301F-11D3-BF4B-00C04F79EFBC}") = "EOPDFDemo", "Desktop\EOBrowser\21.2.70\Samples\Pdf\EOPDFDemo\EOPDFDemo.csproj", "{59321D11-10C3-4C27-992D-4D9A54220FF8}"
EndProject
Project("{FAE04EC0-301F-11D3-BF4B-00C04F79EFBC}") = "PdfMvc", "Desktop\EOBrowser\21.2.70\Samples\Pdf\PdfMvc\PdfMvc.csproj", "{F6435DBA-5A32-445F-8875-4C5A5FAAD425}"
EndProject
Global
	GlobalSection(SolutionConfigurationPlatforms) = preSolution
		Debug|Any CPU = Debug|Any CPU
		Release|Any CPU = Release|Any CPU
	EndGlobalSection
	GlobalSection(ProjectConfigurationPlatforms) = postSolution
		{CF36BF58-D08F-425A-9A6A-D0A86C506110}.Debug|Any CPU.ActiveCfg = Debug|Any CPU
		{CF36BF58-D08F-425A-9A6A-D0A86C506110}.Debug|Any CPU.Build.0 = Debug|Any CPU
		{CF36BF58-D08F-425A-9A6A-D0A86C506110}.Release|Any CPU.ActiveCfg = Release|Any CPU
		{CF36BF58-D08F-425A-9A6A-D0A86C506110}.Release|Any CPU.Build.0 = Release|Any CPU
		{130DED02-5984-487C-93DD-0D264EED140E}.Debug|Any CPU.ActiveCfg = Debug|Any CPU
		{130DED02-5984-487C-93DD-0D264EED140E}.Debug|Any CPU.Build.0 = Debug|Any CPU
		{130DED02-5984-487C-93DD-0D264EED140E}.Release|Any CPU.ActiveCfg = Release|Any CPU
		{130DED02-5984-487C-93DD-0D264EED140E}.Release|Any CPU.Build.0 = Release|Any CPU
		{8D6DE92C-637E-4433-9810-98D7FBCEA6BA}.Debug|Any CPU.ActiveCfg = Debug|Any CPU
		{8D6DE92C-637E-4433-9810-98D7FBCEA6BA}.Debug|Any CPU.Build.0 = Debug|Any CPU
		{8D6DE92C-637E-4433-9810-98D7FBCEA6BA}.Release|Any CPU.ActiveCfg = Release|Any CPU
		{8D6DE92C-637E-4433-9810-98D7FBCEA6BA}.Release|Any CPU.Build.0 = Release|Any CPU
		{12B06E45-12F5-4E56-ADB4-5879D98D3105}.Debug|Any CPU.ActiveCfg = Debug|Any CPU
		{12B06E45-12F5-4E56-ADB4-5879D98D3105}.Debug|Any CPU.Build.0 = Debug|Any CPU
		{12B06E45-12F5-4E56-ADB4-5879D98D3105}.Release|Any CPU.ActiveCfg = Release|Any CPU
		{12B06E45-12F5-4E56-ADB4-5879D98D3105}.Release|Any CPU.Build.0 = Release|Any CPU
		{6C93E2DE-01EE-481E-B5E4-EB30B31554B8}.Debug|Any CPU.ActiveCfg = Debug|Any CPU
		{6C93E2DE-01EE-481E-B5E4-EB30B31554B8}.Debug|Any CPU.Build.0 = Debug|Any CPU
		{6C93E2DE-01EE-481E-B5E4-EB30B31554B8}.Release|Any CPU.ActiveCfg = Release|Any CPU
		{6C93E2DE-01EE-481E-B5E4-EB30B31554B8}.Release|Any CPU.Build.0 = Release|Any CPU
		{643D406D-38E5-4A6E-8308-E48B87A1B69B}.Debug|Any CPU.ActiveCfg = Debug|Any CPU
		{643D406D-38E5-4A6E-8308-E48B87A1B69B}.Debug|Any CPU.Build.0 = Debug|Any CPU
		{643D406D-38E5-4A6E-8308-E48B87A1B69B}.Release|Any CPU.ActiveCfg = Release|Any CPU
		{643D406D-38E5-4A6E-8308-E48B87A1B69B}.Release|Any CPU.Build.0 = Release|Any CPU
		{8D41636D-71C8-49DF-834D-0108806C21DD}.Debug|Any CPU.ActiveCfg = Debug|Any CPU
		{8D41636D-71C8-49DF-834D-0108806C21DD}.Debug|Any CPU.Build.0 = Debug|Any CPU
		{8D41636D-71C8-49DF-834D-0108806C21DD}.Release|Any CPU.ActiveCfg = Release|Any CPU
		{8D41636D-71C8-49DF-834D-0108806C21DD}.Release|Any CPU.Build.0 = Release|Any CPU
		{3C0FC8F0-E48E-4AF9-B420-F29ED1D634F6}.Debug|Any CPU.ActiveCfg = Debug|Any CPU
		{3C0FC8F0-E48E-4AF9-B420-F29ED1D634F6}.Debug|Any CPU.Build.0 = Debug|Any CPU
		{3C0FC8F0-E48E-4AF9-B420-F29ED1D634F6}.Release|Any CPU.ActiveCfg = Release|Any CPU
		{3C0FC8F0-E48E-4AF9-B420-F29ED1D634F6}.Release|Any CPU.Build.0 = Release|Any CPU
		{3A3912C8-6E67-4658-9038-B341F569FB7B}.Debug|Any CPU.ActiveCfg = Debug|Any CPU
		{3A3912C8-6E67-4658-9038-B341F569FB7B}.Debug|Any CPU.Build.0 = Debug|Any CPU
		{3A3912C8-6E67-4658-9038-B341F569FB7B}.Release|Any CPU.ActiveCfg = Release|Any CPU
		{3A3912C8-6E67-4658-9038-B341F569FB7B}.Release|Any CPU.Build.0 = Release|Any CPU
		{165C2F7F-9318-46B8-A10B-0085B4B5353F}.Debug|Any CPU.ActiveCfg = Debug|Any CPU
		{165C2F7F-9318-46B8-A10B-0085B4B5353F}.Debug|Any CPU.Build.0 = Debug|Any CPU
		{165C2F7F-9318-46B8-A10B-0085B4B5353F}.Release|Any CPU.ActiveCfg = Release|Any CPU
		{165C2F7F-9318-46B8-A10B-0085B4B5353F}.Release|Any CPU.Build.0 = Release|Any CPU
		{35B2577F-510C-4BB1-89C4-0411A4479593}.Debug|Any CPU.ActiveCfg = Debug|Any CPU
		{35B2577F-510C-4BB1-89C4-0411A4479593}.Debug|Any CPU.Build.0 = Debug|Any CPU
		{35B2577F-510C-4BB1-89C4-0411A4479593}.Release|Any CPU.ActiveCfg = Release|Any CPU
		{35B2577F-510C-4BB1-89C4-0411A4479593}.Release|Any CPU.Build.0 = Release|Any CPU
		{45AFA345-DDE4-4DBA-951E-9509BE1264EA}.Debug|Any CPU.ActiveCfg = Debug|Any CPU
		{45AFA345-DDE4-4DBA-951E-9509BE1264EA}.Debug|Any CPU.Build.0 = Debug|Any CPU
		{45AFA345-DDE4-4DBA-951E-9509BE1264EA}.Release|Any CPU.ActiveCfg = Release|Any CPU
		{45AFA345-DDE4-4DBA-951E-9509BE1264EA}.Release|Any CPU.Build.0 = Release|Any CPU
		{50760ACB-ED5A-4C51-8E91-E2AFDA9CE69F}.Debug|Any CPU.ActiveCfg = Debug|Any CPU
		{50760ACB-ED5A-4C51-8E91-E2AFDA9CE69F}.Debug|Any CPU.Build.0 = Debug|Any CPU
		{50760ACB-ED5A-4C51-8E91-E2AFDA9CE69F}.Release|Any CPU.ActiveCfg = Release|Any CPU
		{50760ACB-ED5A-4C51-8E91-E2AFDA9CE69F}.Release|Any CPU.Build.0 = Release|Any CPU
		{16C9EACA-37DD-4D68-A5F3-BA533F9F0D25}.Debug|Any CPU.ActiveCfg = Debug|Any CPU
		{16C9EACA-37DD-4D68-A5F3-BA533F9F0D25}.Debug|Any CPU.Build.0 = Debug|Any CPU
		{16C9EACA-37DD-4D68-A5F3-BA533F9F0D25}.Release|Any CPU.ActiveCfg = Release|Any CPU
		{16C9EACA-37DD-4D68-A5F3-BA533F9F0D25}.Release|Any CPU.Build.0 = Release|Any CPU
		{E3A8EE19-9089-4CB5-85D0-49F36B5E08B8}.Debug|Any CPU.ActiveCfg = Debug|Any CPU
		{E3A8EE19-9089-4CB5-85D0-49F36B5E08B8}.Debug|Any CPU.Build.0 = Debug|Any CPU
		{E3A8EE19-9089-4CB5-85D0-49F36B5E08B8}.Release|Any CPU.ActiveCfg = Release|Any CPU
		{E3A8EE19-9089-4CB5-85D0-49F36B5E08B8}.Release|Any CPU.Build.0 = Release|Any CPU
		{03375FD8-90B4-4908-9AED-8064AB71EB79}.Debug|Any CPU.ActiveCfg = Debug|Any CPU
		{03375FD8-90B4-4908-9AED-8064AB71EB79}.Debug|Any CPU.Build.0 = Debug|Any CPU
		{03375FD8-90B4-4908-9AED-8064AB71EB79}.Release|Any CPU.ActiveCfg = Release|Any CPU
		{03375FD8-90B4-4908-9AED-8064AB71EB79}.Release|Any CPU.Build.0 = Release|Any CPU
		{45A811CF-5A6F-4831-A43D-218D4F7AF674}.Debug|Any CPU.ActiveCfg = Debug|Any CPU
		{45A811CF-5A6F-4831-A43D-218D4F7AF674}.Debug|Any CPU.Build.0 = Debug|Any CPU
		{45A811CF-5A6F-4831-A43D-218D4F7AF674}.Release|Any CPU.ActiveCfg = Release|Any CPU
		{45A811CF-5A6F-4831-A43D-218D4F7AF674}.Release|Any CPU.Build.0 = Release|Any CPU
		{AD64E78D-81D4-41CC-ACBF-BA65C974092A}.Debug|Any CPU.ActiveCfg = Debug|Any CPU
		{AD64E78D-81D4-41CC-ACBF-BA65C974092A}.Debug|Any CPU.Build.0 = Debug|Any CPU
		{AD64E78D-81D4-41CC-ACBF-BA65C974092A}.Release|Any CPU.ActiveCfg = Release|Any CPU
		{AD64E78D-81D4-41CC-ACBF-BA65C974092A}.Release|Any CPU.Build.0 = Release|Any CPU
		{DB8C7D59-3321-4157-B962-F3A0F896587E}.Debug|Any CPU.ActiveCfg = Debug|Any CPU
		{DB8C7D59-3321-4157-B962-F3A0F896587E}.Debug|Any CPU.Build.0 = Debug|Any CPU
		{DB8C7D59-3321-4157-B962-F3A0F896587E}.Release|Any CPU.ActiveCfg = Release|Any CPU
		{DB8C7D59-3321-4157-B962-F3A0F896587E}.Release|Any CPU.Build.0 = Release|Any CPU
		{0D628C7A-E3FE-4FB7-9A59-5030AA8452B9}.Debug|Any CPU.ActiveCfg = Debug|Any CPU
		{0D628C7A-E3FE-4FB7-9A59-5030AA8452B9}.Debug|Any CPU.Build.0 = Debug|Any CPU
		{0D628C7A-E3FE-4FB7-9A59-5030AA8452B9}.Release|Any CPU.ActiveCfg = Release|Any CPU
		{0D628C7A-E3FE-4FB7-9A59-5030AA8452B9}.Release|Any CPU.Build.0 = Release|Any CPU
		{766EA230-CC92-4123-B048-6C2D7D8A9382}.Debug|Any CPU.ActiveCfg = Debug|Any CPU
		{766EA230-CC92-4123-B048-6C2D7D8A9382}.Debug|Any CPU.Build.0 = Debug|Any CPU
		{766EA230-CC92-4123-B048-6C2D7D8A9382}.Release|Any CPU.ActiveCfg = Release|Any CPU
		{766EA230-CC92-4123-B048-6C2D7D8A9382}.Release|Any CPU.Build.0 = Release|Any CPU
		{65D69F7D-910D-43C9-9FD6-E8FD52077C89}.Debug|Any CPU.ActiveCfg = Debug|Any CPU
		{65D69F7D-910D-43C9-9FD6-E8FD52077C89}.Debug|Any CPU.Build.0 = Debug|Any CPU
		{65D69F7D-910D-43C9-9FD6-E8FD52077C89}.Release|Any CPU.ActiveCfg = Release|Any CPU
		{65D69F7D-910D-43C9-9FD6-E8FD52077C89}.Release|Any CPU.Build.0 = Release|Any CPU
		{FE4207F7-08FC-4173-995A-6A63A0A369D5}.Debug|Any CPU.ActiveCfg = Debug|Any CPU
		{FE4207F7-08FC-4173-995A-6A63A0A369D5}.Debug|Any CPU.Build.0 = Debug|Any CPU
		{FE4207F7-08FC-4173-995A-6A63A0A369D5}.Release|Any CPU.ActiveCfg = Release|Any CPU
		{FE4207F7-08FC-4173-995A-6A63A0A369D5}.Release|Any CPU.Build.0 = Release|Any CPU
		{2CF9A9BC-4FE2-4D8A-AEE9-F906C010F471}.Debug|Any CPU.ActiveCfg = Debug|Any CPU
		{2CF9A9BC-4FE2-4D8A-AEE9-F906C010F471}.Debug|Any CPU.Build.0 = Debug|Any CPU
		{2CF9A9BC-4FE2-4D8A-AEE9-F906C010F471}.Release|Any CPU.ActiveCfg = Release|Any CPU
		{2CF9A9BC-4FE2-4D8A-AEE9-F906C010F471}.Release|Any CPU.Build.0 = Release|Any CPU
		{FF871CAA-EBF4-4753-A601-E135D2573568}.Debug|Any CPU.ActiveCfg = Debug|Any CPU
		{FF871CAA-EBF4-4753-A601-E135D2573568}.Debug|Any CPU.Build.0 = Debug|Any CPU
		{FF871CAA-EBF4-4753-A601-E135D2573568}.Release|Any CPU.ActiveCfg = Release|Any CPU
		{FF871CAA-EBF4-4753-A601-E135D2573568}.Release|Any CPU.Build.0 = Release|Any CPU
		{357AD903-B17C-4D9E-91AC-D89B420CF1BD}.Debug|Any CPU.ActiveCfg = Debug|Any CPU
		{357AD903-B17C-4D9E-91AC-D89B420CF1BD}.Debug|Any CPU.Build.0 = Debug|Any CPU
		{357AD903-B17C-4D9E-91AC-D89B420CF1BD}.Release|Any CPU.ActiveCfg = Release|Any CPU
		{357AD903-B17C-4D9E-91AC-D89B420CF1BD}.Release|Any CPU.Build.0 = Release|Any CPU
		{1CCA9DB1-9A7F-4E73-9F57-8F2AF9880052}.Debug|Any CPU.ActiveCfg = Debug|Any CPU
		{1CCA9DB1-9A7F-4E73-9F57-8F2AF9880052}.Debug|Any CPU.Build.0 = Debug|Any CPU
		{1CCA9DB1-9A7F-4E73-9F57-8F2AF9880052}.Release|Any CPU.ActiveCfg = Release|Any CPU
		{1CCA9DB1-9A7F-4E73-9F57-8F2AF9880052}.Release|Any CPU.Build.0 = Release|Any CPU
		{C2A7F2B5-1A23-4766-8510-72A83F5D739C}.Debug|Any CPU.ActiveCfg = Debug|Any CPU
		{C2A7F2B5-1A23-4766-8510-72A83F5D739C}.Debug|Any CPU.Build.0 = Debug|Any CPU
		{C2A7F2B5-1A23-4766-8510-72A83F5D739C}.Release|Any CPU.ActiveCfg = Release|Any CPU
		{C2A7F2B5-1A23-4766-8510-72A83F5D739C}.Release|Any CPU.Build.0 = Release|Any CPU
		{301808C9-AA0F-417A-9650-B0028216E9D2}.Debug|Any CPU.ActiveCfg = Debug|Any CPU
		{301808C9-AA0F-417A-9650-B0028216E9D2}.Debug|Any CPU.Build.0 = Debug|Any CPU
		{301808C9-AA0F-417A-9650-B0028216E9D2}.Release|Any CPU.ActiveCfg = Release|Any CPU
		{301808C9-AA0F-417A-9650-B0028216E9D2}.Release|Any CPU.Build.0 = Release|Any CPU
		{ABDDBFA8-AAFE-424C-BA38-F385CC9DE10F}.Debug|Any CPU.ActiveCfg = Debug|Any CPU
		{ABDDBFA8-AAFE-424C-BA38-F385CC9DE10F}.Debug|Any CPU.Build.0 = Debug|Any CPU
		{ABDDBFA8-AAFE-424C-BA38-F385CC9DE10F}.Release|Any CPU.ActiveCfg = Release|Any CPU
		{ABDDBFA8-AAFE-424C-BA38-F385CC9DE10F}.Release|Any CPU.Build.0 = Release|Any CPU
		{3D06BE4A-233C-4616-8379-E4EFDC2EB296}.Debug|Any CPU.ActiveCfg = Debug|Any CPU
		{3D06BE4A-233C-4616-8379-E4EFDC2EB296}.Debug|Any CPU.Build.0 = Debug|Any CPU
		{3D06BE4A-233C-4616-8379-E4EFDC2EB296}.Release|Any CPU.ActiveCfg = Release|Any CPU
		{3D06BE4A-233C-4616-8379-E4EFDC2EB296}.Release|Any CPU.Build.0 = Release|Any CPU
		{FBD0E633-2E78-4843-9373-D1E8505EF678}.Debug|Any CPU.ActiveCfg = Debug|Any CPU
		{FBD0E633-2E78-4843-9373-D1E8505EF678}.Debug|Any CPU.Build.0 = Debug|Any CPU
		{FBD0E633-2E78-4843-9373-D1E8505EF678}.Release|Any CPU.ActiveCfg = Release|Any CPU
		{FBD0E633-2E78-4843-9373-D1E8505EF678}.Release|Any CPU.Build.0 = Release|Any CPU
		{BFB948E7-FB37-4A6C-BC44-9FC2A6417A64}.Debug|Any CPU.ActiveCfg = Debug|Any CPU
		{BFB948E7-FB37-4A6C-BC44-9FC2A6417A64}.Debug|Any CPU.Build.0 = Debug|Any CPU
		{BFB948E7-FB37-4A6C-BC44-9FC2A6417A64}.Release|Any CPU.ActiveCfg = Release|Any CPU
		{BFB948E7-FB37-4A6C-BC44-9FC2A6417A64}.Release|Any CPU.Build.0 = Release|Any CPU
		{CEE86379-7D05-4B59-B6DA-FC7A0365A7F0}.Debug|Any CPU.ActiveCfg = Debug|Any CPU
		{CEE86379-7D05-4B59-B6DA-FC7A0365A7F0}.Debug|Any CPU.Build.0 = Debug|Any CPU
		{CEE86379-7D05-4B59-B6DA-FC7A0365A7F0}.Release|Any CPU.ActiveCfg = Release|Any CPU
		{CEE86379-7D05-4B59-B6DA-FC7A0365A7F0}.Release|Any CPU.Build.0 = Release|Any CPU
		{8708CDA9-F129-4605-B65E-DDFEFF38DB4A}.Debug|Any CPU.ActiveCfg = Debug|Any CPU
		{8708CDA9-F129-4605-B65E-DDFEFF38DB4A}.Debug|Any CPU.Build.0 = Debug|Any CPU
		{8708CDA9-F129-4605-B65E-DDFEFF38DB4A}.Release|Any CPU.ActiveCfg = Release|Any CPU
		{8708CDA9-F129-4605-B65E-DDFEFF38DB4A}.Release|Any CPU.Build.0 = Release|Any CPU
		{0FE270D6-CBA3-44EC-AA27-F056074150B5}.Debug|Any CPU.ActiveCfg = Debug|Any CPU
		{0FE270D6-CBA3-44EC-AA27-F056074150B5}.Debug|Any CPU.Build.0 = Debug|Any CPU
		{0FE270D6-CBA3-44EC-AA27-F056074150B5}.Release|Any CPU.ActiveCfg = Release|Any CPU
		{0FE270D6-CBA3-44EC-AA27-F056074150B5}.Release|Any CPU.Build.0 = Release|Any CPU
		{59321D11-10C3-4C27-992D-4D9A54220FF8}.Debug|Any CPU.ActiveCfg = Debug|Any CPU
		{59321D11-10C3-4C27-992D-4D9A54220FF8}.Debug|Any CPU.Build.0 = Debug|Any CPU
		{59321D11-10C3-4C27-992D-4D9A54220FF8}.Release|Any CPU.ActiveCfg = Release|Any CPU
		{59321D11-10C3-4C27-992D-4D9A54220FF8}.Release|Any CPU.Build.0 = Release|Any CPU
		{F6435DBA-5A32-445F-8875-4C5A5FAAD425}.Debug|Any CPU.ActiveCfg = Debug|Any CPU
		{F6435DBA-5A32-445F-8875-4C5A5FAAD425}.Debug|Any CPU.Build.0 = Debug|Any CPU
		{F6435DBA-5A32-445F-8875-4C5A5FAAD425}.Release|Any CPU.ActiveCfg = Release|Any CPU
		{F6435DBA-5A32-445F-8875-4C5A5FAAD425}.Release|Any CPU.Build.0 = Release|Any CPU
	EndGlobalSection
	GlobalSection(SolutionProperties) = preSolution
		HideSolutionNode = FALSE
	EndGlobalSection
	GlobalSection(NestedProjects) = preSolution
		{CF36BF58-D08F-425A-9A6A-D0A86C506110} = {1D1E608E-4D6C-4937-AC52-4ED9E6AD50C0}
		{130DED02-5984-487C-93DD-0D264EED140E} = {1D1E608E-4D6C-4937-AC52-4ED9E6AD50C0}
		{8D6DE92C-637E-4433-9810-98D7FBCEA6BA} = {1D1E608E-4D6C-4937-AC52-4ED9E6AD50C0}
		{12B06E45-12F5-4E56-ADB4-5879D98D3105} = {1D1E608E-4D6C-4937-AC52-4ED9E6AD50C0}
		{6C93E2DE-01EE-481E-B5E4-EB30B31554B8} = {1D1E608E-4D6C-4937-AC52-4ED9E6AD50C0}
		{643D406D-38E5-4A6E-8308-E48B87A1B69B} = {036D970F-9828-4D44-B9FF-79277C02119D}
		{8D41636D-71C8-49DF-834D-0108806C21DD} = {036D970F-9828-4D44-B9FF-79277C02119D}
		{3C0FC8F0-E48E-4AF9-B420-F29ED1D634F6} = {1D0334EB-64D4-4DA0-9FC0-FB08F0806CE7}
		{3A3912C8-6E67-4658-9038-B341F569FB7B} = {308D8501-370C-4702-847A-497773421D10}
		{165C2F7F-9318-46B8-A10B-0085B4B5353F} = {308D8501-370C-4702-847A-497773421D10}
		{35B2577F-510C-4BB1-89C4-0411A4479593} = {308D8501-370C-4702-847A-497773421D10}
		{3ECE3F6D-3AF0-441E-9C2C-9E3B67CB872E} = {21AE0A22-05F8-420E-8C07-BCC86D994865}
		{45AFA345-DDE4-4DBA-951E-9509BE1264EA} = {3ECE3F6D-3AF0-441E-9C2C-9E3B67CB872E}
		{63104B50-E83D-47CA-9F58-1B71F55FBB71} = {21AE0A22-05F8-420E-8C07-BCC86D994865}
		{50760ACB-ED5A-4C51-8E91-E2AFDA9CE69F} = {63104B50-E83D-47CA-9F58-1B71F55FBB71}
		{A9F69B17-1D4E-44E9-844A-EADE1D4469BA} = {21AE0A22-05F8-420E-8C07-BCC86D994865}
		{16C9EACA-37DD-4D68-A5F3-BA533F9F0D25} = {A74139EE-042F-462A-A768-A3F807C7A070}
		{E3A8EE19-9089-4CB5-85D0-49F36B5E08B8} = {A74139EE-042F-462A-A768-A3F807C7A070}
		{03375FD8-90B4-4908-9AED-8064AB71EB79} = {A74139EE-042F-462A-A768-A3F807C7A070}
		{45A811CF-5A6F-4831-A43D-218D4F7AF674} = {A74139EE-042F-462A-A768-A3F807C7A070}
		{AD64E78D-81D4-41CC-ACBF-BA65C974092A} = {A74139EE-042F-462A-A768-A3F807C7A070}
		{DB8C7D59-3321-4157-B962-F3A0F896587E} = {A74139EE-042F-462A-A768-A3F807C7A070}
		{0D628C7A-E3FE-4FB7-9A59-5030AA8452B9} = {A74139EE-042F-462A-A768-A3F807C7A070}
		{766EA230-CC92-4123-B048-6C2D7D8A9382} = {A74139EE-042F-462A-A768-A3F807C7A070}
		{65D69F7D-910D-43C9-9FD6-E8FD52077C89} = {A74139EE-042F-462A-A768-A3F807C7A070}
		{FE4207F7-08FC-4173-995A-6A63A0A369D5} = {A74139EE-042F-462A-A768-A3F807C7A070}
		{2CF9A9BC-4FE2-4D8A-AEE9-F906C010F471} = {A74139EE-042F-462A-A768-A3F807C7A070}
		{FF871CAA-EBF4-4753-A601-E135D2573568} = {A74139EE-042F-462A-A768-A3F807C7A070}
		{357AD903-B17C-4D9E-91AC-D89B420CF1BD} = {A74139EE-042F-462A-A768-A3F807C7A070}
		{1CCA9DB1-9A7F-4E73-9F57-8F2AF9880052} = {A74139EE-042F-462A-A768-A3F807C7A070}
		{C2A7F2B5-1A23-4766-8510-72A83F5D739C} = {A74139EE-042F-462A-A768-A3F807C7A070}
		{301808C9-AA0F-417A-9650-B0028216E9D2} = {A74139EE-042F-462A-A768-A3F807C7A070}
		{ABDDBFA8-AAFE-424C-BA38-F385CC9DE10F} = {A74139EE-042F-462A-A768-A3F807C7A070}
		{3D06BE4A-233C-4616-8379-E4EFDC2EB296} = {A74139EE-042F-462A-A768-A3F807C7A070}
		{FBD0E633-2E78-4843-9373-D1E8505EF678} = {A74139EE-042F-462A-A768-A3F807C7A070}
		{BFB948E7-FB37-4A6C-BC44-9FC2A6417A64} = {A74139EE-042F-462A-A768-A3F807C7A070}
		{E9DBCA57-F19E-4F15-A613-C99294F26340} = {A9F69B17-1D4E-44E9-844A-EADE1D4469BA}
		{CEE86379-7D05-4B59-B6DA-FC7A0365A7F0} = {E9DBCA57-F19E-4F15-A613-C99294F26340}
		{24B9FAD8-06E7-4429-9C61-236590ACEE2E} = {A9F69B17-1D4E-44E9-844A-EADE1D4469BA}
		{8708CDA9-F129-4605-B65E-DDFEFF38DB4A} = {24B9FAD8-06E7-4429-9C61-236590ACEE2E}
		{0FE270D6-CBA3-44EC-AA27-F056074150B5} = {E9DBCA57-F19E-4F15-A613-C99294F26340}
		{F493109A-6C28-45BD-9D75-4B7C75220119} = {A9F69B17-1D4E-44E9-844A-EADE1D4469BA}
		{59321D11-10C3-4C27-992D-4D9A54220FF8} = {F493109A-6C28-45BD-9D75-4B7C75220119}
		{F6435DBA-5A32-445F-8875-4C5A5FAAD425} = {F493109A-6C28-45BD-9D75-4B7C75220119}
	EndGlobalSection
	GlobalSection(ExtensibilityGlobals) = postSolution
		SolutionGuid = {78501A0D-C17F-46DA-9029-61D3452C0D32}
	EndGlobalSection
EndGlobal
